<?xml version="1.0" encoding="utf-8"?>
<Project ToolsVersion="4.0" xmlns="http://schemas.microsoft.com/developer/msbuild/2003">
  <ItemGroup>
    <Filter Include="Source Files">
      <UniqueIdentifier>{4FC737F1-C7A5-4376-A066-2A32D752A2FF}</UniqueIdentifier>
      <Extensions>cpp;c;cc;cxx;c++;cppm;ixx;def;odl;idl;hpj;bat;asm;asmx</Extensions>
    </Filter>
    <Filter Include="Header Files">
      <UniqueIdentifier>{93995380-89BD-4b04-88EB-625FBE52EBFB}</UniqueIdentifier>
      <Extensions>h;hh;hpp;hxx;h++;hm;inl;inc;ipp;xsd</Extensions>
    </Filter>
    <Filter Include="Resource Files">
      <UniqueIdentifier>{67DA6AB6-F800-4c08-8B7A-83BB121AAD01}</UniqueIdentifier>
      <Extensions>rc;ico;cur;bmp;dlg;rc2;rct;bin;rgs;gif;jpg;jpeg;jpe;resx;tiff;tif;png;wav;mfcribbon-ms</Extensions>
    </Filter>
  </ItemGroup>
  <ItemGroup>
    <ClInclude Include="mepch.h">
      <Filter>Header Files</Filter>
    </ClInclude>
    <ClInclude Include="Instance\Application.h">
      <Filter>Header Files</Filter>
    </ClInclude>
    <ClInclude Include="Core\Debug\EngineDebugger.h">
      <Filter>Header Files</Filter>
    </ClInclude>
    <ClInclude Include="Controllers\Window.h">
      <Filter>Header Files</Filter>
    </ClInclude>
    <ClInclude Include="_external\include\stbimage.h">
      <Filter>Header Files</Filter>
    </ClInclude>
    <ClInclude Include="_external\include\imgui\imgui.h">
      <Filter>Header Files</Filter>
    </ClInclude>
    <ClInclude Include="_external\include\imgui\imgui_internal.h">
      <Filter>Header Files</Filter>
    </ClInclude>
    <ClInclude Include="_external\include\imgui\imstb_rectpack.h">
      <Filter>Header Files</Filter>
    </ClInclude>
    <ClInclude Include="_external\include\imgui\imstb_textedit.h">
      <Filter>Header Files</Filter>
    </ClInclude>
    <ClInclude Include="_external\include\imgui\imstb_truetype.h">
      <Filter>Header Files</Filter>
    </ClInclude>
    <ClInclude Include="_external\include\imgui\imconfig.h">
      <Filter>Header Files</Filter>
    </ClInclude>
    <ClInclude Include="Controllers\EventController.h">
      <Filter>Header Files</Filter>
    </ClInclude>
    <ClInclude Include="Core\Utilities.h">
      <Filter>Header Files</Filter>
    </ClInclude>
    <ClInclude Include="Drivers\OpenGL\GLCore.h">
      <Filter>Header Files</Filter>
    </ClInclude>
    <ClInclude Include="Drivers\OpenGL\ShaderProgram.h">
      <Filter>Header Files</Filter>
    </ClInclude>
    <ClInclude Include="Drivers\OpenGL\Texture.h">
      <Filter>Header Files</Filter>
    </ClInclude>
    <ClInclude Include="Drivers\OpenGL\VertexArray.h">
      <Filter>Header Files</Filter>
    </ClInclude>
  </ItemGroup>
  <ItemGroup>
    <ClCompile Include="mepch.cpp">
      <Filter>Source Files</Filter>
    </ClCompile>
    <ClCompile Include="Instance\Application.cpp">
      <Filter>Source Files</Filter>
    </ClCompile>
    <ClCompile Include="Instance\main.cpp">
      <Filter>Source Files</Filter>
    </ClCompile>
    <ClCompile Include="Core\Debug\EngineDebugger.cpp">
      <Filter>Source Files</Filter>
    </ClCompile>
    <ClCompile Include="Controllers\Window.cpp">
      <Filter>Source Files</Filter>
    </ClCompile>
    <ClCompile Include="_external\include\glad.c">
      <Filter>Source Files</Filter>
    </ClCompile>
    <ClCompile Include="_external\include\imgui\imgui.cpp">
      <Filter>Source Files</Filter>
    </ClCompile>
    <ClCompile Include="_external\include\imgui\imgui_demo.cpp">
      <Filter>Source Files</Filter>
    </ClCompile>
    <ClCompile Include="_external\include\imgui\imgui_draw.cpp">
      <Filter>Source Files</Filter>
    </ClCompile>
    <ClCompile Include="_external\include\imgui\imgui_widgets.cpp">
      <Filter>Source Files</Filter>
    </ClCompile>
    <ClCompile Include="Controllers\EventController.cpp">
      <Filter>Source Files</Filter>
    </ClCompile>
    <ClCompile Include="Core\Utilities.cpp">
      <Filter>Source Files</Filter>
    </ClCompile>
    <ClCompile Include="Drivers\OpenGL\GLCore.cpp">
      <Filter>Source Files</Filter>
    </ClCompile>
    <ClCompile Include="Drivers\OpenGL\ShaderProgram.cpp">
      <Filter>Source Files</Filter>
    </ClCompile>
    <ClCompile Include="Drivers\OpenGL\Texture.cpp">
      <Filter>Source Files</Filter>
    </ClCompile>
    <ClCompile Include="Drivers\OpenGL\VertexArray.cpp">
      <Filter>Source Files</Filter>
    </ClCompile>
  </ItemGroup>
</Project>